
Microsoft Visual Studio Solution File, Format Version 12.00
# Visual Studio Version 17
VisualStudioVersion = 17.8.34525.116
MinimumVisualStudioVersion = 10.0.40219.1
Project("{FAE04EC0-301F-11D3-BF4B-00C04F79EFBC}") = "VehicleMagAPI", "VehicleMagAPI.csproj", "{7CEB3F85-E228-4AA2-B4E9-4004A2822FAE}"
EndProject
Global
	GlobalSection(SolutionConfigurationPlatforms) = preSolution
		Debug|Any CPU = Debug|Any CPU
		Release|Any CPU = Release|Any CPU
	EndGlobalSection
	GlobalSection(ProjectConfigurationPlatforms) = postSolution
		{7CEB3F85-E228-4AA2-B4E9-4004A2822FAE}.Debug|Any CPU.ActiveCfg = Debug|Any CPU
		{7CEB3F85-E228-4AA2-B4E9-4004A2822FAE}.Debug|Any CPU.Build.0 = Debug|Any CPU
		{7CEB3F85-E228-4AA2-B4E9-4004A2822FAE}.Release|Any CPU.ActiveCfg = Release|Any CPU
		{7CEB3F85-E228-4AA2-B4E9-4004A2822FAE}.Release|Any CPU.Build.0 = Release|Any CPU
	EndGlobalSection
	GlobalSection(SolutionProperties) = preSolution
		HideSolutionNode = FALSE
	EndGlobalSection
	GlobalSection(ExtensibilityGlobals) = postSolution
		SolutionGuid = {D09B54F8-D78C-4C77-93F5-61C12D307E3E}
	EndGlobalSection
EndGlobal
